
Microsoft Visual Studio Solution File, Format Version 12.00
# Visual Studio Version 16
VisualStudioVersion = 16.0.30717.126
MinimumVisualStudioVersion = 10.0.40219.1
Project("{8BC9CEB8-8B4A-11D0-8D11-00A0C91BC942}") = "SemihostingDemo", "SemihostingDemo.vcxproj", "{F4242556-5592-4C6A-89B9-72246CE5FEAE}"
EndProject
Global
	GlobalSection(SolutionConfigurationPlatforms) = preSolution
		Debug|VisualGDB = Debug|VisualGDB
		Release|VisualGDB = Release|VisualGDB
	EndGlobalSection
	GlobalSection(ProjectConfigurationPlatforms) = postSolution
		{F4242556-5592-4C6A-89B9-72246CE5FEAE}.Debug|VisualGDB.ActiveCfg = Debug|VisualGDB
		{F4242556-5592-4C6A-89B9-72246CE5FEAE}.Debug|VisualGDB.Build.0 = Debug|VisualGDB
		{F4242556-5592-4C6A-89B9-72246CE5FEAE}.Release|VisualGDB.ActiveCfg = Release|VisualGDB
		{F4242556-5592-4C6A-89B9-72246CE5FEAE}.Release|VisualGDB.Build.0 = Release|VisualGDB
	EndGlobalSection
	GlobalSection(SolutionProperties) = preSolution
		HideSolutionNode = FALSE
	EndGlobalSection
	GlobalSection(ExtensibilityGlobals) = postSolution
		SolutionGuid = {E2E69053-79DC-43AE-8E9C-090525A01658}
	EndGlobalSection
EndGlobal
