
Microsoft Visual Studio Solution File, Format Version 12.00
# Visual Studio Version 17
VisualStudioVersion = 17.9.34616.47
MinimumVisualStudioVersion = 10.0.40219.1
Project("{803FD0C6-D64E-4E16-9DC3-1DAEC859A3D2}") = "USBCDCDemo_New", "USBCDCDemo_New.vgdbcmake", "{76EC6C15-061C-4846-8093-EC486D9B931D}"
EndProject
Global
	GlobalSection(SolutionConfigurationPlatforms) = preSolution
		Debug|VisualGDB = Debug|VisualGDB
		MinSizeRel|VisualGDB = MinSizeRel|VisualGDB
		Release|VisualGDB = Release|VisualGDB
		RelWithDebInfo|VisualGDB = RelWithDebInfo|VisualGDB
	EndGlobalSection
	GlobalSection(ProjectConfigurationPlatforms) = postSolution
		{76EC6C15-061C-4846-8093-EC486D9B931D}.Debug|VisualGDB.ActiveCfg = Debug|VisualGDB
		{76EC6C15-061C-4846-8093-EC486D9B931D}.Debug|VisualGDB.Build.0 = Debug|VisualGDB
		{76EC6C15-061C-4846-8093-EC486D9B931D}.MinSizeRel|VisualGDB.ActiveCfg = MinSizeRel|VisualGDB
		{76EC6C15-061C-4846-8093-EC486D9B931D}.MinSizeRel|VisualGDB.Build.0 = MinSizeRel|VisualGDB
		{76EC6C15-061C-4846-8093-EC486D9B931D}.Release|VisualGDB.ActiveCfg = Release|VisualGDB
		{76EC6C15-061C-4846-8093-EC486D9B931D}.Release|VisualGDB.Build.0 = Release|VisualGDB
		{76EC6C15-061C-4846-8093-EC486D9B931D}.RelWithDebInfo|VisualGDB.ActiveCfg = RelWithDebInfo|VisualGDB
		{76EC6C15-061C-4846-8093-EC486D9B931D}.RelWithDebInfo|VisualGDB.Build.0 = RelWithDebInfo|VisualGDB
	EndGlobalSection
	GlobalSection(SolutionProperties) = preSolution
		HideSolutionNode = FALSE
	EndGlobalSection
EndGlobal
