
Microsoft Visual Studio Solution File, Format Version 12.00
# Visual Studio Version 17
VisualStudioVersion = 17.6.33723.286
MinimumVisualStudioVersion = 10.0.40219.1
Project("{803FD0C6-D64E-4E16-9DC3-1DAEC859A3D2}") = "SAM9G25Demo", "SAM9G25Demo.vgdbcmake", "{43960043-1F2B-4CE8-9ACA-784EF400BADF}"
EndProject
Global
	GlobalSection(SolutionConfigurationPlatforms) = preSolution
		Debug|VisualGDB = Debug|VisualGDB
		MinSizeRel|VisualGDB = MinSizeRel|VisualGDB
		Release|VisualGDB = Release|VisualGDB
		RelWithDebInfo|VisualGDB = RelWithDebInfo|VisualGDB
	EndGlobalSection
	GlobalSection(ProjectConfigurationPlatforms) = postSolution
		{43960043-1F2B-4CE8-9ACA-784EF400BADF}.Debug|VisualGDB.ActiveCfg = Debug|VisualGDB
		{43960043-1F2B-4CE8-9ACA-784EF400BADF}.Debug|VisualGDB.Build.0 = Debug|VisualGDB
		{43960043-1F2B-4CE8-9ACA-784EF400BADF}.MinSizeRel|VisualGDB.ActiveCfg = MinSizeRel|VisualGDB
		{43960043-1F2B-4CE8-9ACA-784EF400BADF}.MinSizeRel|VisualGDB.Build.0 = MinSizeRel|VisualGDB
		{43960043-1F2B-4CE8-9ACA-784EF400BADF}.Release|VisualGDB.ActiveCfg = Release|VisualGDB
		{43960043-1F2B-4CE8-9ACA-784EF400BADF}.Release|VisualGDB.Build.0 = Release|VisualGDB
		{43960043-1F2B-4CE8-9ACA-784EF400BADF}.RelWithDebInfo|VisualGDB.ActiveCfg = RelWithDebInfo|VisualGDB
		{43960043-1F2B-4CE8-9ACA-784EF400BADF}.RelWithDebInfo|VisualGDB.Build.0 = RelWithDebInfo|VisualGDB
	EndGlobalSection
	GlobalSection(SolutionProperties) = preSolution
		HideSolutionNode = FALSE
	EndGlobalSection
EndGlobal
