
Microsoft Visual Studio Solution File, Format Version 12.00
# Visual Studio Version 16
VisualStudioVersion = 16.0.30204.135
MinimumVisualStudioVersion = 10.0.40219.1
Project("{803FD0C6-D64E-4E16-9DC3-1DAEC859A3D2}") = "EmbeddedSimulationDemo", "EmbeddedSimulationDemo.vgdbcmake", "{43577F40-BA49-45AB-89F2-7F64B2869945}"
EndProject
Global
	GlobalSection(SolutionConfigurationPlatforms) = preSolution
		Debug|Hardware = Debug|Hardware
		MinSizeRel|Hardware = MinSizeRel|Hardware
		Release|Hardware = Release|Hardware
		RelWithDebInfo|Hardware = RelWithDebInfo|Hardware
		Debug|Simulation = Debug|Simulation
		MinSizeRel|Simulation = MinSizeRel|Simulation
		Release|Simulation = Release|Simulation
		RelWithDebInfo|Simulation = RelWithDebInfo|Simulation
	EndGlobalSection
	GlobalSection(ProjectConfigurationPlatforms) = postSolution
		{43577F40-BA49-45AB-89F2-7F64B2869945}.Debug|Hardware.ActiveCfg = Debug|Hardware
		{43577F40-BA49-45AB-89F2-7F64B2869945}.Debug|Hardware.Build.0 = Debug|Hardware
		{43577F40-BA49-45AB-89F2-7F64B2869945}.MinSizeRel|Hardware.ActiveCfg = MinSizeRel|Hardware
		{43577F40-BA49-45AB-89F2-7F64B2869945}.MinSizeRel|Hardware.Build.0 = MinSizeRel|Hardware
		{43577F40-BA49-45AB-89F2-7F64B2869945}.Release|Hardware.ActiveCfg = Release|Hardware
		{43577F40-BA49-45AB-89F2-7F64B2869945}.Release|Hardware.Build.0 = Release|Hardware
		{43577F40-BA49-45AB-89F2-7F64B2869945}.RelWithDebInfo|Hardware.ActiveCfg = RelWithDebInfo|Hardware
		{43577F40-BA49-45AB-89F2-7F64B2869945}.RelWithDebInfo|Hardware.Build.0 = RelWithDebInfo|Hardware
		{43577F40-BA49-45AB-89F2-7F64B2869945}.Debug|Simulation.ActiveCfg = Debug|Simulation
		{43577F40-BA49-45AB-89F2-7F64B2869945}.Debug|Simulation.Build.0 = Debug|Simulation
		{43577F40-BA49-45AB-89F2-7F64B2869945}.MinSizeRel|Simulation.ActiveCfg = MinSizeRel|Simulation
		{43577F40-BA49-45AB-89F2-7F64B2869945}.MinSizeRel|Simulation.Build.0 = MinSizeRel|Simulation
		{43577F40-BA49-45AB-89F2-7F64B2869945}.Release|Simulation.ActiveCfg = Release|Simulation
		{43577F40-BA49-45AB-89F2-7F64B2869945}.Release|Simulation.Build.0 = Release|Simulation
		{43577F40-BA49-45AB-89F2-7F64B2869945}.RelWithDebInfo|Simulation.ActiveCfg = RelWithDebInfo|Simulation
		{43577F40-BA49-45AB-89F2-7F64B2869945}.RelWithDebInfo|Simulation.Build.0 = RelWithDebInfo|Simulation
	EndGlobalSection
	GlobalSection(SolutionProperties) = preSolution
		HideSolutionNode = FALSE
	EndGlobalSection
	GlobalSection(ExtensibilityGlobals) = postSolution
		SolutionGuid = {6BAA4FFF-BE2E-4417-B797-742C3A56B6EB}
	EndGlobalSection
EndGlobal
