
Microsoft Visual Studio Solution File, Format Version 12.00
# Visual Studio 15
VisualStudioVersion = 15.0.28307.438
MinimumVisualStudioVersion = 10.0.40219.1
Project("{8BC9CEB8-8B4A-11D0-8D11-00A0C91BC942}") = "TestProject", "TestProject.vcxproj", "{5B56F0F2-2FB5-4E09-AF34-23426D8C247C}"
EndProject
Global
	GlobalSection(SolutionConfigurationPlatforms) = preSolution
		Debug|VisualGDB = Debug|VisualGDB
		Release|VisualGDB = Release|VisualGDB
	EndGlobalSection
	GlobalSection(ProjectConfigurationPlatforms) = postSolution
		{5B56F0F2-2FB5-4E09-AF34-23426D8C247C}.Debug|VisualGDB.ActiveCfg = Debug|VisualGDB
		{5B56F0F2-2FB5-4E09-AF34-23426D8C247C}.Debug|VisualGDB.Build.0 = Debug|VisualGDB
		{5B56F0F2-2FB5-4E09-AF34-23426D8C247C}.Release|VisualGDB.ActiveCfg = Release|VisualGDB
		{5B56F0F2-2FB5-4E09-AF34-23426D8C247C}.Release|VisualGDB.Build.0 = Release|VisualGDB
	EndGlobalSection
	GlobalSection(SolutionProperties) = preSolution
		HideSolutionNode = FALSE
	EndGlobalSection
	GlobalSection(ExtensibilityGlobals) = postSolution
		SolutionGuid = {8FC744FB-7B4A-4874-B71F-16786E241353}
	EndGlobalSection
EndGlobal
