<?xml version="1.0" encoding="utf-8"?>
<Project ToolsVersion="4.0" xmlns="http://schemas.microsoft.com/developer/msbuild/2003">
  <ItemGroup>
    <Filter Include="Source files">
      <UniqueIdentifier>{b740c582-9493-40e4-981a-13deb130934a}</UniqueIdentifier>
      <Extensions>cpp;c;cc;cxx;def;odl;idl;hpj;bat;asm;asmx</Extensions>
    </Filter>
    <Filter Include="Header files">
      <UniqueIdentifier>{9200856b-2734-4fce-966c-10dc7d37e65f}</UniqueIdentifier>
      <Extensions>h;hpp;hxx;hm;inl;inc;xsd</Extensions>
    </Filter>
    <Filter Include="Resource files">
      <UniqueIdentifier>{9c76db56-91ef-49d0-88da-879798cb0862}</UniqueIdentifier>
      <Extensions>rc;ico;cur;bmp;dlg;rc2;rct;bin;rgs;gif;jpg;jpeg;jpe;resx;tiff;tif;png;wav</Extensions>
    </Filter>
    <Filter Include="Source files\Core">
      <UniqueIdentifier>{b56ffb82-d5f2-4013-8c65-81c2eae3acd0}</UniqueIdentifier>
    </Filter>
    <Filter Include="Source files\Core\Inc">
      <UniqueIdentifier>{1db7eeee-7ea0-4cf3-a451-bcda430fb230}</UniqueIdentifier>
    </Filter>
    <Filter Include="Source files\Core\Src">
      <UniqueIdentifier>{cc80ec46-ccb7-441e-80b8-960fbf75f2b8}</UniqueIdentifier>
    </Filter>
    <Filter Include="Source files\STM32_WPAN">
      <UniqueIdentifier>{ad2917c1-fa11-4b3d-9636-d07c7d2bd415}</UniqueIdentifier>
    </Filter>
    <Filter Include="Source files\STM32_WPAN\App">
      <UniqueIdentifier>{29c2d156-949c-47c6-9c76-72c510a42d17}</UniqueIdentifier>
    </Filter>
    <Filter Include="Source files\STM32_WPAN\Target">
      <UniqueIdentifier>{a13e0f05-0eb4-4535-a9ae-ea3d2c497295}</UniqueIdentifier>
    </Filter>
    <Filter Include="Source files\Shared sources">
      <UniqueIdentifier>{cd91b526-8f1f-416f-b7bc-2d279bd1db1b}</UniqueIdentifier>
    </Filter>
    <Filter Include="Source files\Device-specific files">
      <UniqueIdentifier>{0da211fe-63f8-4015-aad7-b06985ce8b1a}</UniqueIdentifier>
    </Filter>
    <Filter Include="Header files\Core">
      <UniqueIdentifier>{fe1f043f-113f-4104-b3f7-c2e338ec8134}</UniqueIdentifier>
    </Filter>
    <Filter Include="Header files\Core\Inc">
      <UniqueIdentifier>{ec8da250-89ea-4839-8c6c-dae41db48e71}</UniqueIdentifier>
    </Filter>
    <Filter Include="Header files\Core\Src">
      <UniqueIdentifier>{cde6b8a8-3107-44b6-968b-64bbedb140c3}</UniqueIdentifier>
    </Filter>
    <Filter Include="Header files\STM32_WPAN">
      <UniqueIdentifier>{ded77c20-151c-4da2-83b8-a5634cde40a4}</UniqueIdentifier>
    </Filter>
    <Filter Include="Header files\STM32_WPAN\App">
      <UniqueIdentifier>{b5867ec0-01ff-4176-92fb-21e980e9697c}</UniqueIdentifier>
    </Filter>
    <Filter Include="Header files\STM32_WPAN\Target">
      <UniqueIdentifier>{bb25b979-b4c1-44a2-bf7b-1b115d75b0b2}</UniqueIdentifier>
    </Filter>
    <Filter Include="Header files\Device-specific files">
      <UniqueIdentifier>{74abbbef-b43d-4ba7-a31c-fbed1eadba80}</UniqueIdentifier>
    </Filter>
    <Filter Include="VisualGDB settings">
      <UniqueIdentifier>{3944c7f7-5e02-403f-992a-c67f7d3a0a20}</UniqueIdentifier>
    </Filter>
  </ItemGroup>
  <ItemGroup>
    <None Include="readme.txt">
      <Filter>Source files</Filter>
    </None>
    <None Include="stm32wb55xx_flash_cm4.ld">
      <Filter>Source files</Filter>
    </None>
    <ClCompile Include="Core\Src\app_entry.c">
      <Filter>Source files\Core\Src</Filter>
    </ClCompile>
    <ClCompile Include="Core\Src\hw_lpm.c">
      <Filter>Source files\Core\Src</Filter>
    </ClCompile>
    <ClCompile Include="Core\Src\hw_timerserver.c">
      <Filter>Source files\Core\Src</Filter>
    </ClCompile>
    <ClCompile Include="Core\Src\hw_uart.c">
      <Filter>Source files\Core\Src</Filter>
    </ClCompile>
    <ClCompile Include="Core\Src\main.c">
      <Filter>Source files\Core\Src</Filter>
    </ClCompile>
    <ClCompile Include="Core\Src\stm32wbxx_hal_msp.c">
      <Filter>Source files\Core\Src</Filter>
    </ClCompile>
    <ClCompile Include="Core\Src\stm32wbxx_it.c">
      <Filter>Source files\Core\Src</Filter>
    </ClCompile>
    <ClCompile Include="Core\Src\system_stm32wbxx.c">
      <Filter>Source files\Core\Src</Filter>
    </ClCompile>
    <ClCompile Include="STM32_WPAN\App\app_ble.c">
      <Filter>Source files\STM32_WPAN\App</Filter>
    </ClCompile>
    <ClCompile Include="STM32_WPAN\App\p2p_client_app.c">
      <Filter>Source files\STM32_WPAN\App</Filter>
    </ClCompile>
    <ClCompile Include="STM32_WPAN\Target\hw_ipcc.c">
      <Filter>Source files\STM32_WPAN\Target</Filter>
    </ClCompile>
    <ClCompile Include="$(BSP_ROOT)\STM32WBxxxx\BSP\P-NUCLEO-WB55.Nucleo\stm32wbxx_nucleo.c">
      <Filter>Source files\Shared sources</Filter>
    </ClCompile>
    <ClCompile Include="$(BSP_ROOT)\STM32WBxxxx\STM32WBxx_HAL_Driver\Src\stm32wbxx_hal.c">
      <Filter>Source files\Shared sources</Filter>
    </ClCompile>
    <ClCompile Include="$(BSP_ROOT)\STM32WBxxxx\STM32WBxx_HAL_Driver\Src\stm32wbxx_hal_cortex.c">
      <Filter>Source files\Shared sources</Filter>
    </ClCompile>
    <ClCompile Include="$(BSP_ROOT)\STM32WBxxxx\STM32WBxx_HAL_Driver\Src\stm32wbxx_hal_dma.c">
      <Filter>Source files\Shared sources</Filter>
    </ClCompile>
    <ClCompile Include="$(BSP_ROOT)\STM32WBxxxx\STM32WBxx_HAL_Driver\Src\stm32wbxx_hal_dma_ex.c">
      <Filter>Source files\Shared sources</Filter>
    </ClCompile>
    <ClCompile Include="$(BSP_ROOT)\STM32WBxxxx\STM32WBxx_HAL_Driver\Src\stm32wbxx_hal_flash.c">
      <Filter>Source files\Shared sources</Filter>
    </ClCompile>
    <ClCompile Include="$(BSP_ROOT)\STM32WBxxxx\STM32WBxx_HAL_Driver\Src\stm32wbxx_hal_flash_ex.c">
      <Filter>Source files\Shared sources</Filter>
    </ClCompile>
    <ClCompile Include="$(BSP_ROOT)\STM32WBxxxx\STM32WBxx_HAL_Driver\Src\stm32wbxx_hal_gpio.c">
      <Filter>Source files\Shared sources</Filter>
    </ClCompile>
    <ClCompile Include="$(BSP_ROOT)\STM32WBxxxx\STM32WBxx_HAL_Driver\Src\stm32wbxx_hal_hsem.c">
      <Filter>Source files\Shared sources</Filter>
    </ClCompile>
    <ClCompile Include="$(BSP_ROOT)\STM32WBxxxx\STM32WBxx_HAL_Driver\Src\stm32wbxx_hal_ipcc.c">
      <Filter>Source files\Shared sources</Filter>
    </ClCompile>
    <ClCompile Include="$(BSP_ROOT)\STM32WBxxxx\STM32WBxx_HAL_Driver\Src\stm32wbxx_hal_pwr.c">
      <Filter>Source files\Shared sources</Filter>
    </ClCompile>
    <ClCompile Include="$(BSP_ROOT)\STM32WBxxxx\STM32WBxx_HAL_Driver\Src\stm32wbxx_hal_pwr_ex.c">
      <Filter>Source files\Shared sources</Filter>
    </ClCompile>
    <ClCompile Include="$(BSP_ROOT)\STM32WBxxxx\STM32WBxx_HAL_Driver\Src\stm32wbxx_hal_rcc.c">
      <Filter>Source files\Shared sources</Filter>
    </ClCompile>
    <ClCompile Include="$(BSP_ROOT)\STM32WBxxxx\STM32WBxx_HAL_Driver\Src\stm32wbxx_hal_rcc_ex.c">
      <Filter>Source files\Shared sources</Filter>
    </ClCompile>
    <ClCompile Include="$(BSP_ROOT)\STM32WBxxxx\STM32WBxx_HAL_Driver\Src\stm32wbxx_hal_rtc.c">
      <Filter>Source files\Shared sources</Filter>
    </ClCompile>
    <ClCompile Include="$(BSP_ROOT)\STM32WBxxxx\STM32WBxx_HAL_Driver\Src\stm32wbxx_hal_rtc_ex.c">
      <Filter>Source files\Shared sources</Filter>
    </ClCompile>
    <ClCompile Include="$(BSP_ROOT)\STM32WBxxxx\STM32WBxx_HAL_Driver\Src\stm32wbxx_hal_tim.c">
      <Filter>Source files\Shared sources</Filter>
    </ClCompile>
    <ClCompile Include="$(BSP_ROOT)\STM32WBxxxx\STM32WBxx_HAL_Driver\Src\stm32wbxx_hal_tim_ex.c">
      <Filter>Source files\Shared sources</Filter>
    </ClCompile>
    <ClCompile Include="$(BSP_ROOT)\STM32WBxxxx\STM32WBxx_HAL_Driver\Src\stm32wbxx_hal_uart.c">
      <Filter>Source files\Shared sources</Filter>
    </ClCompile>
    <ClCompile Include="$(BSP_ROOT)\STM32WBxxxx\STM32WBxx_HAL_Driver\Src\stm32wbxx_hal_uart_ex.c">
      <Filter>Source files\Shared sources</Filter>
    </ClCompile>
    <ClCompile Include="$(BSP_ROOT)\STM32WBxxxx\STM32_WPAN\ble\core\Src\core\ble_gap_aci.c">
      <Filter>Source files\Shared sources</Filter>
    </ClCompile>
    <ClCompile Include="$(BSP_ROOT)\STM32WBxxxx\STM32_WPAN\ble\core\Src\core\ble_gatt_aci.c">
      <Filter>Source files\Shared sources</Filter>
    </ClCompile>
    <ClCompile Include="$(BSP_ROOT)\STM32WBxxxx\STM32_WPAN\ble\core\Src\core\ble_hal_aci.c">
      <Filter>Source files\Shared sources</Filter>
    </ClCompile>
    <ClCompile Include="$(BSP_ROOT)\STM32WBxxxx\STM32_WPAN\ble\core\Src\core\ble_hci_le.c">
      <Filter>Source files\Shared sources</Filter>
    </ClCompile>
    <ClCompile Include="$(BSP_ROOT)\STM32WBxxxx\STM32_WPAN\ble\core\Src\core\ble_l2cap_aci.c">
      <Filter>Source files\Shared sources</Filter>
    </ClCompile>
    <ClCompile Include="$(BSP_ROOT)\STM32WBxxxx\STM32_WPAN\utilities\dbg_trace.c">
      <Filter>Source files\Shared sources</Filter>
    </ClCompile>
    <ClCompile Include="$(BSP_ROOT)\STM32WBxxxx\STM32_WPAN\interface\patterns\ble_thread\tl\hci_tl.c">
      <Filter>Source files\Shared sources</Filter>
    </ClCompile>
    <ClCompile Include="$(BSP_ROOT)\STM32WBxxxx\STM32_WPAN\utilities\lpm.c">
      <Filter>Source files\Shared sources</Filter>
    </ClCompile>
    <ClCompile Include="$(BSP_ROOT)\STM32WBxxxx\STM32_WPAN\ble\core\Src\core\osal.c">
      <Filter>Source files\Shared sources</Filter>
    </ClCompile>
    <ClCompile Include="$(BSP_ROOT)\STM32WBxxxx\STM32_WPAN\utilities\otp.c">
      <Filter>Source files\Shared sources</Filter>
    </ClCompile>
    <ClCompile Include="$(BSP_ROOT)\STM32WBxxxx\STM32_WPAN\utilities\scheduler.c">
      <Filter>Source files\Shared sources</Filter>
    </ClCompile>
    <ClCompile Include="$(BSP_ROOT)\STM32WBxxxx\STM32_WPAN\interface\patterns\ble_thread\shci\shci.c">
      <Filter>Source files\Shared sources</Filter>
    </ClCompile>
    <ClCompile Include="$(BSP_ROOT)\STM32WBxxxx\STM32_WPAN\interface\patterns\ble_thread\tl\shci_tl.c">
      <Filter>Source files\Shared sources</Filter>
    </ClCompile>
    <ClCompile Include="$(BSP_ROOT)\STM32WBxxxx\STM32_WPAN\utilities\stm_list.c">
      <Filter>Source files\Shared sources</Filter>
    </ClCompile>
    <ClCompile Include="$(BSP_ROOT)\STM32WBxxxx\STM32_WPAN\utilities\stm_queue.c">
      <Filter>Source files\Shared sources</Filter>
    </ClCompile>
    <ClCompile Include="$(BSP_ROOT)\STM32WBxxxx\STM32_WPAN\ble\core\Src\blesvc\svc_ctl.c">
      <Filter>Source files\Shared sources</Filter>
    </ClCompile>
    <ClCompile Include="$(BSP_ROOT)\STM32WBxxxx\STM32_WPAN\interface\patterns\ble_thread\tl\tl_if.c">
      <Filter>Source files\Shared sources</Filter>
    </ClCompile>
    <ClCompile Include="$(BSP_ROOT)\STM32WBxxxx\STM32_WPAN\interface\patterns\ble_thread\tl\tl_mbox.c">
      <Filter>Source files\Shared sources</Filter>
    </ClCompile>
    <None Include="stm32wb.props">
      <Filter>Source files\Device-specific files</Filter>
    </None>
    <ClCompile Include="$(BSP_ROOT)\STM32WBxxxx\StartupFiles\startup_stm32wb55xx_cm4.c">
      <Filter>Source files\Device-specific files</Filter>
    </ClCompile>
    <ClInclude Include="Core\Inc\app_common.h">
      <Filter>Header files\Core\Inc</Filter>
    </ClInclude>
    <ClInclude Include="Core\Inc\app_conf.h">
      <Filter>Header files\Core\Inc</Filter>
    </ClInclude>
    <ClInclude Include="Core\Inc\app_entry.h">
      <Filter>Header files\Core\Inc</Filter>
    </ClInclude>
    <ClInclude Include="Core\Inc\hw_conf.h">
      <Filter>Header files\Core\Inc</Filter>
    </ClInclude>
    <ClInclude Include="Core\Inc\main.h">
      <Filter>Header files\Core\Inc</Filter>
    </ClInclude>
    <ClInclude Include="Core\Inc\stm32wbxx_hal_conf.h">
      <Filter>Header files\Core\Inc</Filter>
    </ClInclude>
    <ClInclude Include="Core\Inc\stm32wbxx_it.h">
      <Filter>Header files\Core\Inc</Filter>
    </ClInclude>
    <ClInclude Include="Core\Inc\utilities_conf.h">
      <Filter>Header files\Core\Inc</Filter>
    </ClInclude>
    <ClInclude Include="STM32_WPAN\App\app_ble.h">
      <Filter>Header files\STM32_WPAN\App</Filter>
    </ClInclude>
    <ClInclude Include="STM32_WPAN\App\ble_conf.h">
      <Filter>Header files\STM32_WPAN\App</Filter>
    </ClInclude>
    <ClInclude Include="STM32_WPAN\App\ble_dbg_conf.h">
      <Filter>Header files\STM32_WPAN\App</Filter>
    </ClInclude>
    <ClInclude Include="STM32_WPAN\App\p2p_client_app.h">
      <Filter>Header files\STM32_WPAN\App</Filter>
    </ClInclude>
    <None Include="CentralProject-Debug.vgdbsettings">
      <Filter>VisualGDB settings</Filter>
    </None>
    <None Include="CentralProject-Release.vgdbsettings">
      <Filter>VisualGDB settings</Filter>
    </None>
    <None Include="stm32wb.xml">
      <Filter>VisualGDB settings</Filter>
    </None>
  </ItemGroup>
</Project>